// !$*UTF8*$!
{
	archiveVersion = 1;
	classes = {
	};
	objectVersion = 56;
	objects = {

/* Begin PBXBuildFile section */
		656A7E2B2BEAE33A0046EBE5 /* janken-jam.mp3 in Resources */ = {isa = PBXBuildFile; fileRef = 656A7E2A2BEAE33A0046EBE5 /* janken-jam.mp3 */; };
		657EA2E92BCAC3830059BC34 /* lose-effect.wav in Resources */ = {isa = PBXBuildFile; fileRef = 657EA2E62BCAC3830059BC34 /* lose-effect.wav */; };
		657EA2EA2BCAC3830059BC34 /* win-effect.wav in Resources */ = {isa = PBXBuildFile; fileRef = 657EA2E72BCAC3830059BC34 /* win-effect.wav */; };
		657EA2EB2BCAC3830059BC34 /* draw-effect.wav in Resources */ = {isa = PBXBuildFile; fileRef = 657EA2E82BCAC3830059BC34 /* draw-effect.wav */; };
		659118D42BC6CC190028590E /* swiftui_experimentApp.swift in Sources */ = {isa = PBXBuildFile; fileRef = 659118D32BC6CC190028590E /* swiftui_experimentApp.swift */; };
		659118D62BC6CC190028590E /* ItemListView.swift in Sources */ = {isa = PBXBuildFile; fileRef = 659118D52BC6CC190028590E /* ItemListView.swift */; };
		659118D82BC6CC190028590E /* Item.swift in Sources */ = {isa = PBXBuildFile; fileRef = 659118D72BC6CC190028590E /* Item.swift */; };
		659118DA2BC6CC1A0028590E /* Assets.xcassets in Resources */ = {isa = PBXBuildFile; fileRef = 659118D92BC6CC1A0028590E /* Assets.xcassets */; };
		659118DD2BC6CC1A0028590E /* Preview Assets.xcassets in Resources */ = {isa = PBXBuildFile; fileRef = 659118DC2BC6CC1A0028590E /* Preview Assets.xcassets */; };
		659118E42BC6D3B80028590E /* InnerItem.swift in Sources */ = {isa = PBXBuildFile; fileRef = 659118E32BC6D3B80028590E /* InnerItem.swift */; };
		659118E62BC6D40A0028590E /* ItemDetailView.swift in Sources */ = {isa = PBXBuildFile; fileRef = 659118E52BC6D40A0028590E /* ItemDetailView.swift */; };
		6591F9292BC9CFA700C1B0F0 /* Jankenpon.swift in Sources */ = {isa = PBXBuildFile; fileRef = 6591F9282BC9CFA700C1B0F0 /* Jankenpon.swift */; };
		6591F9382BC9D69000C1B0F0 /* JankenponTests.swift in Sources */ = {isa = PBXBuildFile; fileRef = 6591F9372BC9D69000C1B0F0 /* JankenponTests.swift */; };
		6591F93A2BC9DD1D00C1B0F0 /* JankenponView.swift in Sources */ = {isa = PBXBuildFile; fileRef = 6591F9392BC9DD1D00C1B0F0 /* JankenponView.swift */; };
		6591F93E2BC9DDC700C1B0F0 /* JankenponSelectionView.swift in Sources */ = {isa = PBXBuildFile; fileRef = 6591F93D2BC9DDC700C1B0F0 /* JankenponSelectionView.swift */; };
		6591F9412BC9E68400C1B0F0 /* ShrinkingButtonStyle.swift in Sources */ = {isa = PBXBuildFile; fileRef = 6591F9402BC9E68400C1B0F0 /* ShrinkingButtonStyle.swift */; };
		6591F9432BC9EDA300C1B0F0 /* JankenponCountdownView.swift in Sources */ = {isa = PBXBuildFile; fileRef = 6591F9422BC9EDA300C1B0F0 /* JankenponCountdownView.swift */; };
		6591F9452BCA01D300C1B0F0 /* JankenponOptionView.swift in Sources */ = {isa = PBXBuildFile; fileRef = 6591F9442BCA01D300C1B0F0 /* JankenponOptionView.swift */; };
		6591F9472BCA029400C1B0F0 /* JankenponOptionTests.swift in Sources */ = {isa = PBXBuildFile; fileRef = 6591F9462BCA029400C1B0F0 /* JankenponOptionTests.swift */; };
		65CCB9602BCB356300CB38D9 /* JankenponConnection.swift in Sources */ = {isa = PBXBuildFile; fileRef = 65CCB95F2BCB356300CB38D9 /* JankenponConnection.swift */; };
		65CCB9682BCB44B000CB38D9 /* JankenponLobbyView.swift in Sources */ = {isa = PBXBuildFile; fileRef = 65CCB9672BCB44B000CB38D9 /* JankenponLobbyView.swift */; };
		65DD230B2BCF239900D55784 /* JankenponTextField.swift in Sources */ = {isa = PBXBuildFile; fileRef = 65DD230A2BCF239900D55784 /* JankenponTextField.swift */; };
		65DD230D2BCF253800D55784 /* JankenponPeerRow.swift in Sources */ = {isa = PBXBuildFile; fileRef = 65DD230C2BCF253800D55784 /* JankenponPeerRow.swift */; };
/* End PBXBuildFile section */

/* Begin PBXContainerItemProxy section */
		6591F9322BC9D67A00C1B0F0 /* PBXContainerItemProxy */ = {
			isa = PBXContainerItemProxy;
			containerPortal = 659118C82BC6CC190028590E /* Project object */;
			proxyType = 1;
			remoteGlobalIDString = 659118CF2BC6CC190028590E;
			remoteInfo = "swiftui-experiment";
		};
/* End PBXContainerItemProxy section */

/* Begin PBXFileReference section */
		656A7E2A2BEAE33A0046EBE5 /* janken-jam.mp3 */ = {isa = PBXFileReference; lastKnownFileType = audio.mp3; path = "janken-jam.mp3"; sourceTree = "<group>"; };
		657EA2E62BCAC3830059BC34 /* lose-effect.wav */ = {isa = PBXFileReference; lastKnownFileType = audio.wav; path = "lose-effect.wav"; sourceTree = "<group>"; };
		657EA2E72BCAC3830059BC34 /* win-effect.wav */ = {isa = PBXFileReference; lastKnownFileType = audio.wav; path = "win-effect.wav"; sourceTree = "<group>"; };
		657EA2E82BCAC3830059BC34 /* draw-effect.wav */ = {isa = PBXFileReference; lastKnownFileType = audio.wav; path = "draw-effect.wav"; sourceTree = "<group>"; };
		659118D02BC6CC190028590E /* swiftui-experiment.app */ = {isa = PBXFileReference; explicitFileType = wrapper.application; includeInIndex = 0; path = "swiftui-experiment.app"; sourceTree = BUILT_PRODUCTS_DIR; };
		659118D32BC6CC190028590E /* swiftui_experimentApp.swift */ = {isa = PBXFileReference; lastKnownFileType = sourcecode.swift; path = swiftui_experimentApp.swift; sourceTree = "<group>"; };
		659118D52BC6CC190028590E /* ItemListView.swift */ = {isa = PBXFileReference; lastKnownFileType = sourcecode.swift; path = ItemListView.swift; sourceTree = "<group>"; };
		659118D72BC6CC190028590E /* Item.swift */ = {isa = PBXFileReference; lastKnownFileType = sourcecode.swift; path = Item.swift; sourceTree = "<group>"; };
		659118D92BC6CC1A0028590E /* Assets.xcassets */ = {isa = PBXFileReference; lastKnownFileType = folder.assetcatalog; path = Assets.xcassets; sourceTree = "<group>"; };
		659118DC2BC6CC1A0028590E /* Preview Assets.xcassets */ = {isa = PBXFileReference; lastKnownFileType = folder.assetcatalog; path = "Preview Assets.xcassets"; sourceTree = "<group>"; };
		659118E32BC6D3B80028590E /* InnerItem.swift */ = {isa = PBXFileReference; lastKnownFileType = sourcecode.swift; path = InnerItem.swift; sourceTree = "<group>"; };
		659118E52BC6D40A0028590E /* ItemDetailView.swift */ = {isa = PBXFileReference; lastKnownFileType = sourcecode.swift; path = ItemDetailView.swift; sourceTree = "<group>"; };
		6591F9282BC9CFA700C1B0F0 /* Jankenpon.swift */ = {isa = PBXFileReference; lastKnownFileType = sourcecode.swift; path = Jankenpon.swift; sourceTree = "<group>"; };
		6591F92E2BC9D67A00C1B0F0 /* swiftui-experimentTests.xctest */ = {isa = PBXFileReference; explicitFileType = wrapper.cfbundle; includeInIndex = 0; path = "swiftui-experimentTests.xctest"; sourceTree = BUILT_PRODUCTS_DIR; };
		6591F9372BC9D69000C1B0F0 /* JankenponTests.swift */ = {isa = PBXFileReference; lastKnownFileType = sourcecode.swift; path = JankenponTests.swift; sourceTree = "<group>"; };
		6591F9392BC9DD1D00C1B0F0 /* JankenponView.swift */ = {isa = PBXFileReference; lastKnownFileType = sourcecode.swift; path = JankenponView.swift; sourceTree = "<group>"; };
		6591F93D2BC9DDC700C1B0F0 /* JankenponSelectionView.swift */ = {isa = PBXFileReference; lastKnownFileType = sourcecode.swift; path = JankenponSelectionView.swift; sourceTree = "<group>"; };
		6591F9402BC9E68400C1B0F0 /* ShrinkingButtonStyle.swift */ = {isa = PBXFileReference; lastKnownFileType = sourcecode.swift; path = ShrinkingButtonStyle.swift; sourceTree = "<group>"; };
		6591F9422BC9EDA300C1B0F0 /* JankenponCountdownView.swift */ = {isa = PBXFileReference; lastKnownFileType = sourcecode.swift; path = JankenponCountdownView.swift; sourceTree = "<group>"; };
		6591F9442BCA01D300C1B0F0 /* JankenponOptionView.swift */ = {isa = PBXFileReference; lastKnownFileType = sourcecode.swift; path = JankenponOptionView.swift; sourceTree = "<group>"; };
		6591F9462BCA029400C1B0F0 /* JankenponOptionTests.swift */ = {isa = PBXFileReference; lastKnownFileType = sourcecode.swift; path = JankenponOptionTests.swift; sourceTree = "<group>"; };
		65CCB95F2BCB356300CB38D9 /* JankenponConnection.swift */ = {isa = PBXFileReference; lastKnownFileType = sourcecode.swift; path = JankenponConnection.swift; sourceTree = "<group>"; };
		65CCB9612BCB366A00CB38D9 /* Info.plist */ = {isa = PBXFileReference; lastKnownFileType = text.plist; path = Info.plist; sourceTree = "<group>"; };
		65CCB9672BCB44B000CB38D9 /* JankenponLobbyView.swift */ = {isa = PBXFileReference; lastKnownFileType = sourcecode.swift; path = JankenponLobbyView.swift; sourceTree = "<group>"; };
		65DD230A2BCF239900D55784 /* JankenponTextField.swift */ = {isa = PBXFileReference; lastKnownFileType = sourcecode.swift; path = JankenponTextField.swift; sourceTree = "<group>"; };
		65DD230C2BCF253800D55784 /* JankenponPeerRow.swift */ = {isa = PBXFileReference; lastKnownFileType = sourcecode.swift; path = JankenponPeerRow.swift; sourceTree = "<group>"; };
/* End PBXFileReference section */

/* Begin PBXFrameworksBuildPhase section */
		659118CD2BC6CC190028590E /* Frameworks */ = {
			isa = PBXFrameworksBuildPhase;
			buildActionMask = 2147483647;
			files = (
			);
			runOnlyForDeploymentPostprocessing = 0;
		};
		6591F92B2BC9D67A00C1B0F0 /* Frameworks */ = {
			isa = PBXFrameworksBuildPhase;
			buildActionMask = 2147483647;
			files = (
			);
			runOnlyForDeploymentPostprocessing = 0;
		};
/* End PBXFrameworksBuildPhase section */

/* Begin PBXGroup section */
		6548C64F2BC71DD4006969D3 /* Model */ = {
			isa = PBXGroup;
			children = (
				659118D72BC6CC190028590E /* Item.swift */,
				659118E32BC6D3B80028590E /* InnerItem.swift */,
			);
			path = Model;
			sourceTree = "<group>";
		};
		6548C6502BC71DE6006969D3 /* View */ = {
			isa = PBXGroup;
			children = (
				659118D52BC6CC190028590E /* ItemListView.swift */,
				659118E52BC6D40A0028590E /* ItemDetailView.swift */,
			);
			path = View;
			sourceTree = "<group>";
		};
		657EA2E42BCABFD40059BC34 /* Resources */ = {
			isa = PBXGroup;
			children = (
				659118D92BC6CC1A0028590E /* Assets.xcassets */,
				657EA2E52BCABFDF0059BC34 /* Audio */,
			);
			path = Resources;
			sourceTree = "<group>";
		};
		657EA2E52BCABFDF0059BC34 /* Audio */ = {
			isa = PBXGroup;
			children = (
				656A7E2A2BEAE33A0046EBE5 /* janken-jam.mp3 */,
				657EA2E82BCAC3830059BC34 /* draw-effect.wav */,
				657EA2E62BCAC3830059BC34 /* lose-effect.wav */,
				657EA2E72BCAC3830059BC34 /* win-effect.wav */,
			);
			path = Audio;
			sourceTree = "<group>";
		};
		659118C72BC6CC190028590E = {
			isa = PBXGroup;
			children = (
				659118D22BC6CC190028590E /* swiftui-experiment */,
				6591F92F2BC9D67A00C1B0F0 /* swiftui-experimentTests */,
				659118D12BC6CC190028590E /* Products */,
			);
			sourceTree = "<group>";
		};
		659118D12BC6CC190028590E /* Products */ = {
			isa = PBXGroup;
			children = (
				659118D02BC6CC190028590E /* swiftui-experiment.app */,
				6591F92E2BC9D67A00C1B0F0 /* swiftui-experimentTests.xctest */,
			);
			name = Products;
			sourceTree = "<group>";
		};
		659118D22BC6CC190028590E /* swiftui-experiment */ = {
			isa = PBXGroup;
			children = (
				65CCB9612BCB366A00CB38D9 /* Info.plist */,
				659118D32BC6CC190028590E /* swiftui_experimentApp.swift */,
				657EA2E42BCABFD40059BC34 /* Resources */,
				6591F9262BC9CE9C00C1B0F0 /* Lists */,
				6591F9272BC9CEA400C1B0F0 /* Jankenpon */,
				659118DB2BC6CC1A0028590E /* Preview Content */,
			);
			path = "swiftui-experiment";
			sourceTree = "<group>";
		};
		659118DB2BC6CC1A0028590E /* Preview Content */ = {
			isa = PBXGroup;
			children = (
				659118DC2BC6CC1A0028590E /* Preview Assets.xcassets */,
			);
			path = "Preview Content";
			sourceTree = "<group>";
		};
		6591F9262BC9CE9C00C1B0F0 /* Lists */ = {
			isa = PBXGroup;
			children = (
				6548C64F2BC71DD4006969D3 /* Model */,
				6548C6502BC71DE6006969D3 /* View */,
			);
			path = Lists;
			sourceTree = "<group>";
		};
		6591F9272BC9CEA400C1B0F0 /* Jankenpon */ = {
			isa = PBXGroup;
			children = (
				6591F93B2BC9DDA300C1B0F0 /* Model */,
				6591F93F2BC9E67600C1B0F0 /* Styles */,
				6591F93C2BC9DDAB00C1B0F0 /* View */,
			);
			path = Jankenpon;
			sourceTree = "<group>";
		};
		6591F92F2BC9D67A00C1B0F0 /* swiftui-experimentTests */ = {
			isa = PBXGroup;
			children = (
				6591F9372BC9D69000C1B0F0 /* JankenponTests.swift */,
				6591F9462BCA029400C1B0F0 /* JankenponOptionTests.swift */,
			);
			path = "swiftui-experimentTests";
			sourceTree = "<group>";
		};
		6591F93B2BC9DDA300C1B0F0 /* Model */ = {
			isa = PBXGroup;
			children = (
				6591F9282BC9CFA700C1B0F0 /* Jankenpon.swift */,
				65CCB95F2BCB356300CB38D9 /* JankenponConnection.swift */,
			);
			path = Model;
			sourceTree = "<group>";
		};
		6591F93C2BC9DDAB00C1B0F0 /* View */ = {
			isa = PBXGroup;
			children = (
				6591F9392BC9DD1D00C1B0F0 /* JankenponView.swift */,
				65CCB9672BCB44B000CB38D9 /* JankenponLobbyView.swift */,
				6591F9482BCA066500C1B0F0 /* Components */,
			);
			path = View;
			sourceTree = "<group>";
		};
		6591F93F2BC9E67600C1B0F0 /* Styles */ = {
			isa = PBXGroup;
			children = (
				6591F9402BC9E68400C1B0F0 /* ShrinkingButtonStyle.swift */,
			);
			path = Styles;
			sourceTree = "<group>";
		};
		6591F9482BCA066500C1B0F0 /* Components */ = {
			isa = PBXGroup;
			children = (
				6591F9422BC9EDA300C1B0F0 /* JankenponCountdownView.swift */,
				6591F9442BCA01D300C1B0F0 /* JankenponOptionView.swift */,
				65DD230C2BCF253800D55784 /* JankenponPeerRow.swift */,
				6591F93D2BC9DDC700C1B0F0 /* JankenponSelectionView.swift */,
				65DD230A2BCF239900D55784 /* JankenponTextField.swift */,
			);
			path = Components;
			sourceTree = "<group>";
		};
/* End PBXGroup section */

/* Begin PBXNativeTarget section */
		659118CF2BC6CC190028590E /* swiftui-experiment */ = {
			isa = PBXNativeTarget;
			buildConfigurationList = 659118E02BC6CC1A0028590E /* Build configuration list for PBXNativeTarget "swiftui-experiment" */;
			buildPhases = (
				659118CC2BC6CC190028590E /* Sources */,
				659118CD2BC6CC190028590E /* Frameworks */,
				659118CE2BC6CC190028590E /* Resources */,
			);
			buildRules = (
			);
			dependencies = (
			);
			name = "swiftui-experiment";
			productName = "swiftui-experiment";
			productReference = 659118D02BC6CC190028590E /* swiftui-experiment.app */;
			productType = "com.apple.product-type.application";
		};
		6591F92D2BC9D67A00C1B0F0 /* swiftui-experimentTests */ = {
			isa = PBXNativeTarget;
			buildConfigurationList = 6591F9342BC9D67A00C1B0F0 /* Build configuration list for PBXNativeTarget "swiftui-experimentTests" */;
			buildPhases = (
				6591F92A2BC9D67A00C1B0F0 /* Sources */,
				6591F92B2BC9D67A00C1B0F0 /* Frameworks */,
				6591F92C2BC9D67A00C1B0F0 /* Resources */,
			);
			buildRules = (
			);
			dependencies = (
				6591F9332BC9D67A00C1B0F0 /* PBXTargetDependency */,
			);
			name = "swiftui-experimentTests";
			productName = "swiftui-experimentTests";
			productReference = 6591F92E2BC9D67A00C1B0F0 /* swiftui-experimentTests.xctest */;
			productType = "com.apple.product-type.bundle.unit-test";
		};
/* End PBXNativeTarget section */

/* Begin PBXProject section */
		659118C82BC6CC190028590E /* Project object */ = {
			isa = PBXProject;
			attributes = {
				BuildIndependentTargetsInParallel = 1;
				LastSwiftUpdateCheck = 1530;
				LastUpgradeCheck = 1530;
				TargetAttributes = {
					659118CF2BC6CC190028590E = {
						CreatedOnToolsVersion = 15.3;
					};
					6591F92D2BC9D67A00C1B0F0 = {
						CreatedOnToolsVersion = 15.3;
						LastSwiftMigration = 1530;
						TestTargetID = 659118CF2BC6CC190028590E;
					};
				};
			};
			buildConfigurationList = 659118CB2BC6CC190028590E /* Build configuration list for PBXProject "swiftui-experiment" */;
			compatibilityVersion = "Xcode 14.0";
			developmentRegion = en;
			hasScannedForEncodings = 0;
			knownRegions = (
				en,
				Base,
			);
			mainGroup = 659118C72BC6CC190028590E;
			productRefGroup = 659118D12BC6CC190028590E /* Products */;
			projectDirPath = "";
			projectRoot = "";
			targets = (
				659118CF2BC6CC190028590E /* swiftui-experiment */,
				6591F92D2BC9D67A00C1B0F0 /* swiftui-experimentTests */,
			);
		};
/* End PBXProject section */

/* Begin PBXResourcesBuildPhase section */
		659118CE2BC6CC190028590E /* Resources */ = {
			isa = PBXResourcesBuildPhase;
			buildActionMask = 2147483647;
			files = (
				657EA2E92BCAC3830059BC34 /* lose-effect.wav in Resources */,
				659118DD2BC6CC1A0028590E /* Preview Assets.xcassets in Resources */,
				656A7E2B2BEAE33A0046EBE5 /* janken-jam.mp3 in Resources */,
				657EA2EA2BCAC3830059BC34 /* win-effect.wav in Resources */,
				659118DA2BC6CC1A0028590E /* Assets.xcassets in Resources */,
				657EA2EB2BCAC3830059BC34 /* draw-effect.wav in Resources */,
			);
			runOnlyForDeploymentPostprocessing = 0;
		};
		6591F92C2BC9D67A00C1B0F0 /* Resources */ = {
			isa = PBXResourcesBuildPhase;
			buildActionMask = 2147483647;
			files = (
			);
			runOnlyForDeploymentPostprocessing = 0;
		};
/* End PBXResourcesBuildPhase section */

/* Begin PBXSourcesBuildPhase section */
		659118CC2BC6CC190028590E /* Sources */ = {
			isa = PBXSourcesBuildPhase;
			buildActionMask = 2147483647;
			files = (
				6591F93A2BC9DD1D00C1B0F0 /* JankenponView.swift in Sources */,
				659118E62BC6D40A0028590E /* ItemDetailView.swift in Sources */,
				659118D62BC6CC190028590E /* ItemListView.swift in Sources */,
				65CCB9682BCB44B000CB38D9 /* JankenponLobbyView.swift in Sources */,
				65DD230B2BCF239900D55784 /* JankenponTextField.swift in Sources */,
				6591F9452BCA01D300C1B0F0 /* JankenponOptionView.swift in Sources */,
				65DD230D2BCF253800D55784 /* JankenponPeerRow.swift in Sources */,
				6591F9432BC9EDA300C1B0F0 /* JankenponCountdownView.swift in Sources */,
				6591F9292BC9CFA700C1B0F0 /* Jankenpon.swift in Sources */,
				6591F9412BC9E68400C1B0F0 /* ShrinkingButtonStyle.swift in Sources */,
				6591F93E2BC9DDC700C1B0F0 /* JankenponSelectionView.swift in Sources */,
				65CCB9602BCB356300CB38D9 /* JankenponConnection.swift in Sources */,
				659118E42BC6D3B80028590E /* InnerItem.swift in Sources */,
				659118D82BC6CC190028590E /* Item.swift in Sources */,
				659118D42BC6CC190028590E /* swiftui_experimentApp.swift in Sources */,
			);
			runOnlyForDeploymentPostprocessing = 0;
		};
		6591F92A2BC9D67A00C1B0F0 /* Sources */ = {
			isa = PBXSourcesBuildPhase;
			buildActionMask = 2147483647;
			files = (
				6591F9382BC9D69000C1B0F0 /* JankenponTests.swift in Sources */,
				6591F9472BCA029400C1B0F0 /* JankenponOptionTests.swift in Sources */,
			);
			runOnlyForDeploymentPostprocessing = 0;
		};
/* End PBXSourcesBuildPhase section */

/* Begin PBXTargetDependency section */
		6591F9332BC9D67A00C1B0F0 /* PBXTargetDependency */ = {
			isa = PBXTargetDependency;
			target = 659118CF2BC6CC190028590E /* swiftui-experiment */;
			targetProxy = 6591F9322BC9D67A00C1B0F0 /* PBXContainerItemProxy */;
		};
/* End PBXTargetDependency section */

/* Begin XCBuildConfiguration section */
		659118DE2BC6CC1A0028590E /* Debug */ = {
			isa = XCBuildConfiguration;
			buildSettings = {
				ALWAYS_SEARCH_USER_PATHS = NO;
				ASSETCATALOG_COMPILER_GENERATE_SWIFT_ASSET_SYMBOL_EXTENSIONS = YES;
				CLANG_ANALYZER_NONNULL = YES;
				CLANG_ANALYZER_NUMBER_OBJECT_CONVERSION = YES_AGGRESSIVE;
				CLANG_CXX_LANGUAGE_STANDARD = "gnu++20";
				CLANG_ENABLE_MODULES = YES;
				CLANG_ENABLE_OBJC_ARC = YES;
				CLANG_ENABLE_OBJC_WEAK = YES;
				CLANG_WARN_BLOCK_CAPTURE_AUTORELEASING = YES;
				CLANG_WARN_BOOL_CONVERSION = YES;
				CLANG_WARN_COMMA = YES;
				CLANG_WARN_CONSTANT_CONVERSION = YES;
				CLANG_WARN_DEPRECATED_OBJC_IMPLEMENTATIONS = YES;
				CLANG_WARN_DIRECT_OBJC_ISA_USAGE = YES_ERROR;
				CLANG_WARN_DOCUMENTATION_COMMENTS = YES;
				CLANG_WARN_EMPTY_BODY = YES;
				CLANG_WARN_ENUM_CONVERSION = YES;
				CLANG_WARN_INFINITE_RECURSION = YES;
				CLANG_WARN_INT_CONVERSION = YES;
				CLANG_WARN_NON_LITERAL_NULL_CONVERSION = YES;
				CLANG_WARN_OBJC_IMPLICIT_RETAIN_SELF = YES;
				CLANG_WARN_OBJC_LITERAL_CONVERSION = YES;
				CLANG_WARN_OBJC_ROOT_CLASS = YES_ERROR;
				CLANG_WARN_QUOTED_INCLUDE_IN_FRAMEWORK_HEADER = YES;
				CLANG_WARN_RANGE_LOOP_ANALYSIS = YES;
				CLANG_WARN_STRICT_PROTOTYPES = YES;
				CLANG_WARN_SUSPICIOUS_MOVE = YES;
				CLANG_WARN_UNGUARDED_AVAILABILITY = YES_AGGRESSIVE;
				CLANG_WARN_UNREACHABLE_CODE = YES;
				CLANG_WARN__DUPLICATE_METHOD_MATCH = YES;
				COPY_PHASE_STRIP = NO;
				DEBUG_INFORMATION_FORMAT = dwarf;
				ENABLE_STRICT_OBJC_MSGSEND = YES;
				ENABLE_TESTABILITY = YES;
				ENABLE_USER_SCRIPT_SANDBOXING = YES;
				GCC_C_LANGUAGE_STANDARD = gnu17;
				GCC_DYNAMIC_NO_PIC = NO;
				GCC_NO_COMMON_BLOCKS = YES;
				GCC_OPTIMIZATION_LEVEL = 0;
				GCC_PREPROCESSOR_DEFINITIONS = (
					"DEBUG=1",
					"$(inherited)",
				);
				GCC_WARN_64_TO_32_BIT_CONVERSION = YES;
				GCC_WARN_ABOUT_RETURN_TYPE = YES_ERROR;
				GCC_WARN_UNDECLARED_SELECTOR = YES;
				GCC_WARN_UNINITIALIZED_AUTOS = YES_AGGRESSIVE;
				GCC_WARN_UNUSED_FUNCTION = YES;
				GCC_WARN_UNUSED_VARIABLE = YES;
				IPHONEOS_DEPLOYMENT_TARGET = 17.4;
				LOCALIZATION_PREFERS_STRING_CATALOGS = YES;
				MTL_ENABLE_DEBUG_INFO = INCLUDE_SOURCE;
				MTL_FAST_MATH = YES;
				ONLY_ACTIVE_ARCH = YES;
				SDKROOT = iphoneos;
				SWIFT_ACTIVE_COMPILATION_CONDITIONS = "DEBUG $(inherited)";
				SWIFT_OPTIMIZATION_LEVEL = "-Onone";
			};
			name = Debug;
		};
		659118DF2BC6CC1A0028590E /* Release */ = {
			isa = XCBuildConfiguration;
			buildSettings = {
				ALWAYS_SEARCH_USER_PATHS = NO;
				ASSETCATALOG_COMPILER_GENERATE_SWIFT_ASSET_SYMBOL_EXTENSIONS = YES;
				CLANG_ANALYZER_NONNULL = YES;
				CLANG_ANALYZER_NUMBER_OBJECT_CONVERSION = YES_AGGRESSIVE;
				CLANG_CXX_LANGUAGE_STANDARD = "gnu++20";
				CLANG_ENABLE_MODULES = YES;
				CLANG_ENABLE_OBJC_ARC = YES;
				CLANG_ENABLE_OBJC_WEAK = YES;
				CLANG_WARN_BLOCK_CAPTURE_AUTORELEASING = YES;
				CLANG_WARN_BOOL_CONVERSION = YES;
				CLANG_WARN_COMMA = YES;
				CLANG_WARN_CONSTANT_CONVERSION = YES;
				CLANG_WARN_DEPRECATED_OBJC_IMPLEMENTATIONS = YES;
				CLANG_WARN_DIRECT_OBJC_ISA_USAGE = YES_ERROR;
				CLANG_WARN_DOCUMENTATION_COMMENTS = YES;
				CLANG_WARN_EMPTY_BODY = YES;
				CLANG_WARN_ENUM_CONVERSION = YES;
				CLANG_WARN_INFINITE_RECURSION = YES;
				CLANG_WARN_INT_CONVERSION = YES;
				CLANG_WARN_NON_LITERAL_NULL_CONVERSION = YES;
				CLANG_WARN_OBJC_IMPLICIT_RETAIN_SELF = YES;
				CLANG_WARN_OBJC_LITERAL_CONVERSION = YES;
				CLANG_WARN_OBJC_ROOT_CLASS = YES_ERROR;
				CLANG_WARN_QUOTED_INCLUDE_IN_FRAMEWORK_HEADER = YES;
				CLANG_WARN_RANGE_LOOP_ANALYSIS = YES;
				CLANG_WARN_STRICT_PROTOTYPES = YES;
				CLANG_WARN_SUSPICIOUS_MOVE = YES;
				CLANG_WARN_UNGUARDED_AVAILABILITY = YES_AGGRESSIVE;
				CLANG_WARN_UNREACHABLE_CODE = YES;
				CLANG_WARN__DUPLICATE_METHOD_MATCH = YES;
				COPY_PHASE_STRIP = NO;
				DEBUG_INFORMATION_FORMAT = "dwarf-with-dsym";
				ENABLE_NS_ASSERTIONS = NO;
				ENABLE_STRICT_OBJC_MSGSEND = YES;
				ENABLE_USER_SCRIPT_SANDBOXING = YES;
				GCC_C_LANGUAGE_STANDARD = gnu17;
				GCC_NO_COMMON_BLOCKS = YES;
				GCC_WARN_64_TO_32_BIT_CONVERSION = YES;
				GCC_WARN_ABOUT_RETURN_TYPE = YES_ERROR;
				GCC_WARN_UNDECLARED_SELECTOR = YES;
				GCC_WARN_UNINITIALIZED_AUTOS = YES_AGGRESSIVE;
				GCC_WARN_UNUSED_FUNCTION = YES;
				GCC_WARN_UNUSED_VARIABLE = YES;
				IPHONEOS_DEPLOYMENT_TARGET = 17.4;
				LOCALIZATION_PREFERS_STRING_CATALOGS = YES;
				MTL_ENABLE_DEBUG_INFO = NO;
				MTL_FAST_MATH = YES;
				SDKROOT = iphoneos;
				SWIFT_COMPILATION_MODE = wholemodule;
				VALIDATE_PRODUCT = YES;
			};
			name = Release;
		};
		659118E12BC6CC1A0028590E /* Debug */ = {
			isa = XCBuildConfiguration;
			buildSettings = {
				ASSETCATALOG_COMPILER_APPICON_NAME = AppIcon;
				ASSETCATALOG_COMPILER_GLOBAL_ACCENT_COLOR_NAME = AccentColor;
				CODE_SIGN_STYLE = Automatic;
				CURRENT_PROJECT_VERSION = 1;
				DEVELOPMENT_ASSET_PATHS = "\"swiftui-experiment/Preview Content\"";
				DEVELOPMENT_TEAM = 6QJFWMSLWU;
				ENABLE_PREVIEWS = YES;
				GENERATE_INFOPLIST_FILE = YES;
				INFOPLIST_FILE = "swiftui-experiment/Info.plist";
				INFOPLIST_KEY_NSLocalNetworkUsageDescription = "swiftui-experiment needs this to enable multiplayer.";
				INFOPLIST_KEY_UIApplicationSceneManifest_Generation = YES;
				INFOPLIST_KEY_UIApplicationSupportsIndirectInputEvents = YES;
				INFOPLIST_KEY_UILaunchScreen_Generation = YES;
				INFOPLIST_KEY_UISupportedInterfaceOrientations_iPad = "UIInterfaceOrientationPortrait UIInterfaceOrientationPortraitUpsideDown UIInterfaceOrientationLandscapeLeft UIInterfaceOrientationLandscapeRight";
				INFOPLIST_KEY_UISupportedInterfaceOrientations_iPhone = "UIInterfaceOrientationPortrait UIInterfaceOrientationLandscapeLeft UIInterfaceOrientationLandscapeRight";
				LD_RUNPATH_SEARCH_PATHS = (
					"$(inherited)",
					"@executable_path/Frameworks",
				);
				MARKETING_VERSION = 1.0;
				PRODUCT_BUNDLE_IDENTIFIER = "com.augustoavelino.swiftui-experiment";
				PRODUCT_NAME = "$(TARGET_NAME)";
				SWIFT_EMIT_LOC_STRINGS = YES;
				SWIFT_VERSION = 5.0;
				TARGETED_DEVICE_FAMILY = "1,2";
			};
			name = Debug;
		};
		659118E22BC6CC1A0028590E /* Release */ = {
			isa = XCBuildConfiguration;
			buildSettings = {
				ASSETCATALOG_COMPILER_APPICON_NAME = AppIcon;
				ASSETCATALOG_COMPILER_GLOBAL_ACCENT_COLOR_NAME = AccentColor;
				CODE_SIGN_STYLE = Automatic;
				CURRENT_PROJECT_VERSION = 1;
				DEVELOPMENT_ASSET_PATHS = "\"swiftui-experiment/Preview Content\"";
				DEVELOPMENT_TEAM = 6QJFWMSLWU;
				ENABLE_PREVIEWS = YES;
				GENERATE_INFOPLIST_FILE = YES;
				INFOPLIST_FILE = "swiftui-experiment/Info.plist";
				INFOPLIST_KEY_NSLocalNetworkUsageDescription = "swiftui-experiment needs this to enable multiplayer.";
				INFOPLIST_KEY_UIApplicationSceneManifest_Generation = YES;
				INFOPLIST_KEY_UIApplicationSupportsIndirectInputEvents = YES;
				INFOPLIST_KEY_UILaunchScreen_Generation = YES;
				INFOPLIST_KEY_UISupportedInterfaceOrientations_iPad = "UIInterfaceOrientationPortrait UIInterfaceOrientationPortraitUpsideDown UIInterfaceOrientationLandscapeLeft UIInterfaceOrientationLandscapeRight";
				INFOPLIST_KEY_UISupportedInterfaceOrientations_iPhone = "UIInterfaceOrientationPortrait UIInterfaceOrientationLandscapeLeft UIInterfaceOrientationLandscapeRight";
				LD_RUNPATH_SEARCH_PATHS = (
					"$(inherited)",
					"@executable_path/Frameworks",
				);
				MARKETING_VERSION = 1.0;
				PRODUCT_BUNDLE_IDENTIFIER = "com.augustoavelino.swiftui-experiment";
				PRODUCT_NAME = "$(TARGET_NAME)";
				SWIFT_EMIT_LOC_STRINGS = YES;
				SWIFT_VERSION = 5.0;
				TARGETED_DEVICE_FAMILY = "1,2";
			};
			name = Release;
		};
		6591F9352BC9D67A00C1B0F0 /* Debug */ = {
			isa = XCBuildConfiguration;
			buildSettings = {
				BUNDLE_LOADER = "$(TEST_HOST)";
				CLANG_ENABLE_MODULES = YES;
				CODE_SIGN_STYLE = Automatic;
				CURRENT_PROJECT_VERSION = 1;
				DEVELOPMENT_TEAM = 6QJFWMSLWU;
				GENERATE_INFOPLIST_FILE = YES;
				MARKETING_VERSION = 1.0;
				PRODUCT_BUNDLE_IDENTIFIER = "com.augustoavelino.swiftui-experimentTests";
				PRODUCT_NAME = "$(TARGET_NAME)";
				SWIFT_EMIT_LOC_STRINGS = NO;
				SWIFT_OPTIMIZATION_LEVEL = "-Onone";
				SWIFT_VERSION = 5.0;
				TARGETED_DEVICE_FAMILY = "1,2";
				TEST_HOST = "$(BUILT_PRODUCTS_DIR)/swiftui-experiment.app/$(BUNDLE_EXECUTABLE_FOLDER_PATH)/swiftui-experiment";
			};
			name = Debug;
		};
		6591F9362BC9D67A00C1B0F0 /* Release */ = {
			isa = XCBuildConfiguration;
			buildSettings = {
				BUNDLE_LOADER = "$(TEST_HOST)";
				CLANG_ENABLE_MODULES = YES;
				CODE_SIGN_STYLE = Automatic;
				CURRENT_PROJECT_VERSION = 1;
				DEVELOPMENT_TEAM = 6QJFWMSLWU;
				GENERATE_INFOPLIST_FILE = YES;
				MARKETING_VERSION = 1.0;
				PRODUCT_BUNDLE_IDENTIFIER = "com.augustoavelino.swiftui-experimentTests";
				PRODUCT_NAME = "$(TARGET_NAME)";
				SWIFT_EMIT_LOC_STRINGS = NO;
				SWIFT_VERSION = 5.0;
				TARGETED_DEVICE_FAMILY = "1,2";
				TEST_HOST = "$(BUILT_PRODUCTS_DIR)/swiftui-experiment.app/$(BUNDLE_EXECUTABLE_FOLDER_PATH)/swiftui-experiment";
			};
			name = Release;
		};
/* End XCBuildConfiguration section */

/* Begin XCConfigurationList section */
		659118CB2BC6CC190028590E /* Build configuration list for PBXProject "swiftui-experiment" */ = {
			isa = XCConfigurationList;
			buildConfigurations = (
				659118DE2BC6CC1A0028590E /* Debug */,
				659118DF2BC6CC1A0028590E /* Release */,
			);
			defaultConfigurationIsVisible = 0;
			defaultConfigurationName = Release;
		};
		659118E02BC6CC1A0028590E /* Build configuration list for PBXNativeTarget "swiftui-experiment" */ = {
			isa = XCConfigurationList;
			buildConfigurations = (
				659118E12BC6CC1A0028590E /* Debug */,
				659118E22BC6CC1A0028590E /* Release */,
			);
			defaultConfigurationIsVisible = 0;
			defaultConfigurationName = Release;
		};
		6591F9342BC9D67A00C1B0F0 /* Build configuration list for PBXNativeTarget "swiftui-experimentTests" */ = {
			isa = XCConfigurationList;
			buildConfigurations = (
				6591F9352BC9D67A00C1B0F0 /* Debug */,
				6591F9362BC9D67A00C1B0F0 /* Release */,
			);
			defaultConfigurationIsVisible = 0;
			defaultConfigurationName = Release;
		};
/* End XCConfigurationList section */
	};
	rootObject = 659118C82BC6CC190028590E /* Project object */;
}
